
Microsoft Visual Studio Solution File, Format Version 12.00
# Visual Studio Version 16
VisualStudioVersion = 16.0.30128.74
MinimumVisualStudioVersion = 10.0.40219.1
Project("{9A19103F-16F7-4668-BE54-9A1E7A4F7556}") = "_01_AnIntroduction", "Pluralsight LINQ Fundamentals\_01_AnIntroduction.csproj", "{17F59F23-947C-4266-A258-02D34E2B96FA}"
EndProject
Project("{9A19103F-16F7-4668-BE54-9A1E7A4F7556}") = "_02_LINQ_Features", "_02_LINQ_Features\_02_LINQ_Features.csproj", "{D9C9BC33-9A36-4241-8AC5-A445E4804D0F}"
EndProject
Project("{9A19103F-16F7-4668-BE54-9A1E7A4F7556}") = "_03_ExtensionMethods", "_03ExtensionMethods\_03_ExtensionMethods.csproj", "{5F3A2531-B69A-43A3-B588-90C8C232AB27}"
EndProject
Project("{9A19103F-16F7-4668-BE54-9A1E7A4F7556}") = "Playground01", "Playground01\Playground01.csproj", "{7A1A7AC2-EEE2-4022-98D0-E830966D8AE8}"
EndProject
Project("{9A19103F-16F7-4668-BE54-9A1E7A4F7556}") = "Playground02", "Playground02\Playground02.csproj", "{1E7C7E15-F053-46F3-88F5-D27AAA8594C3}"
EndProject
Project("{9A19103F-16F7-4668-BE54-9A1E7A4F7556}") = "Playground03", "Playground03\Playground03.csproj", "{C15B168F-D31C-4A6D-8BF9-2F79E6690D60}"
EndProject
Project("{9A19103F-16F7-4668-BE54-9A1E7A4F7556}") = "_05_LambdaExpressions", "_05LambdaExpressions\_05_LambdaExpressions.csproj", "{81FA0F46-D231-4BA1-8636-28D7FECA6890}"
EndProject
Project("{2150E333-8FDC-42A3-9474-1A3956D46DE8}") = "Solution Items", "Solution Items", "{FE287F6F-43D2-43B7-BE36-7038BB81DD8F}"
	ProjectSection(SolutionItems) = preProject
		.editorconfig = .editorconfig
	EndProjectSection
EndProject
Project("{FAE04EC0-301F-11D3-BF4B-00C04F79EFBC}") = "Playground05", "Playground05\Playground05.csproj", "{D6460228-5255-483D-954B-79FD117F952E}"
EndProject
Global
	GlobalSection(SolutionConfigurationPlatforms) = preSolution
		Debug|Any CPU = Debug|Any CPU
		Release|Any CPU = Release|Any CPU
	EndGlobalSection
	GlobalSection(ProjectConfigurationPlatforms) = postSolution
		{17F59F23-947C-4266-A258-02D34E2B96FA}.Debug|Any CPU.ActiveCfg = Debug|Any CPU
		{17F59F23-947C-4266-A258-02D34E2B96FA}.Debug|Any CPU.Build.0 = Debug|Any CPU
		{17F59F23-947C-4266-A258-02D34E2B96FA}.Release|Any CPU.ActiveCfg = Release|Any CPU
		{17F59F23-947C-4266-A258-02D34E2B96FA}.Release|Any CPU.Build.0 = Release|Any CPU
		{D9C9BC33-9A36-4241-8AC5-A445E4804D0F}.Debug|Any CPU.ActiveCfg = Debug|Any CPU
		{D9C9BC33-9A36-4241-8AC5-A445E4804D0F}.Debug|Any CPU.Build.0 = Debug|Any CPU
		{D9C9BC33-9A36-4241-8AC5-A445E4804D0F}.Release|Any CPU.ActiveCfg = Release|Any CPU
		{D9C9BC33-9A36-4241-8AC5-A445E4804D0F}.Release|Any CPU.Build.0 = Release|Any CPU
		{5F3A2531-B69A-43A3-B588-90C8C232AB27}.Debug|Any CPU.ActiveCfg = Debug|Any CPU
		{5F3A2531-B69A-43A3-B588-90C8C232AB27}.Debug|Any CPU.Build.0 = Debug|Any CPU
		{5F3A2531-B69A-43A3-B588-90C8C232AB27}.Release|Any CPU.ActiveCfg = Release|Any CPU
		{5F3A2531-B69A-43A3-B588-90C8C232AB27}.Release|Any CPU.Build.0 = Release|Any CPU
		{7A1A7AC2-EEE2-4022-98D0-E830966D8AE8}.Debug|Any CPU.ActiveCfg = Debug|Any CPU
		{7A1A7AC2-EEE2-4022-98D0-E830966D8AE8}.Debug|Any CPU.Build.0 = Debug|Any CPU
		{7A1A7AC2-EEE2-4022-98D0-E830966D8AE8}.Release|Any CPU.ActiveCfg = Release|Any CPU
		{7A1A7AC2-EEE2-4022-98D0-E830966D8AE8}.Release|Any CPU.Build.0 = Release|Any CPU
		{1E7C7E15-F053-46F3-88F5-D27AAA8594C3}.Debug|Any CPU.ActiveCfg = Debug|Any CPU
		{1E7C7E15-F053-46F3-88F5-D27AAA8594C3}.Debug|Any CPU.Build.0 = Debug|Any CPU
		{1E7C7E15-F053-46F3-88F5-D27AAA8594C3}.Release|Any CPU.ActiveCfg = Release|Any CPU
		{1E7C7E15-F053-46F3-88F5-D27AAA8594C3}.Release|Any CPU.Build.0 = Release|Any CPU
		{C15B168F-D31C-4A6D-8BF9-2F79E6690D60}.Debug|Any CPU.ActiveCfg = Debug|Any CPU
		{C15B168F-D31C-4A6D-8BF9-2F79E6690D60}.Debug|Any CPU.Build.0 = Debug|Any CPU
		{C15B168F-D31C-4A6D-8BF9-2F79E6690D60}.Release|Any CPU.ActiveCfg = Release|Any CPU
		{C15B168F-D31C-4A6D-8BF9-2F79E6690D60}.Release|Any CPU.Build.0 = Release|Any CPU
		{81FA0F46-D231-4BA1-8636-28D7FECA6890}.Debug|Any CPU.ActiveCfg = Debug|Any CPU
		{81FA0F46-D231-4BA1-8636-28D7FECA6890}.Debug|Any CPU.Build.0 = Debug|Any CPU
		{81FA0F46-D231-4BA1-8636-28D7FECA6890}.Release|Any CPU.ActiveCfg = Release|Any CPU
		{81FA0F46-D231-4BA1-8636-28D7FECA6890}.Release|Any CPU.Build.0 = Release|Any CPU
		{D6460228-5255-483D-954B-79FD117F952E}.Debug|Any CPU.ActiveCfg = Debug|Any CPU
		{D6460228-5255-483D-954B-79FD117F952E}.Debug|Any CPU.Build.0 = Debug|Any CPU
		{D6460228-5255-483D-954B-79FD117F952E}.Release|Any CPU.ActiveCfg = Release|Any CPU
		{D6460228-5255-483D-954B-79FD117F952E}.Release|Any CPU.Build.0 = Release|Any CPU
	EndGlobalSection
	GlobalSection(SolutionProperties) = preSolution
		HideSolutionNode = FALSE
	EndGlobalSection
	GlobalSection(ExtensibilityGlobals) = postSolution
		SolutionGuid = {C33CF6DF-1B81-41E3-AA4B-FFF67869CACB}
	EndGlobalSection
EndGlobal
