
Microsoft Visual Studio Solution File, Format Version 12.00
# Visual Studio Version 16
VisualStudioVersion = 16.0.30128.74
MinimumVisualStudioVersion = 10.0.40219.1
Project("{9A19103F-16F7-4668-BE54-9A1E7A4F7556}") = "_01_AnIntroduction", "Pluralsight LINQ Fundamentals\_01_AnIntroduction.csproj", "{17F59F23-947C-4266-A258-02D34E2B96FA}"
EndProject
Project("{FAE04EC0-301F-11D3-BF4B-00C04F79EFBC}") = "_02_LINQ_Features", "_02_LINQ_Features\_02_LINQ_Features.csproj", "{D9C9BC33-9A36-4241-8AC5-A445E4804D0F}"
EndProject
Project("{FAE04EC0-301F-11D3-BF4B-00C04F79EFBC}") = "_03_ExtensionMethods", "_03ExtensionMethods\_03_ExtensionMethods.csproj", "{5F3A2531-B69A-43A3-B588-90C8C232AB27}"
EndProject
Global
	GlobalSection(SolutionConfigurationPlatforms) = preSolution
		Debug|Any CPU = Debug|Any CPU
		Release|Any CPU = Release|Any CPU
	EndGlobalSection
	GlobalSection(ProjectConfigurationPlatforms) = postSolution
		{17F59F23-947C-4266-A258-02D34E2B96FA}.Debug|Any CPU.ActiveCfg = Debug|Any CPU
		{17F59F23-947C-4266-A258-02D34E2B96FA}.Debug|Any CPU.Build.0 = Debug|Any CPU
		{17F59F23-947C-4266-A258-02D34E2B96FA}.Release|Any CPU.ActiveCfg = Release|Any CPU
		{17F59F23-947C-4266-A258-02D34E2B96FA}.Release|Any CPU.Build.0 = Release|Any CPU
		{D9C9BC33-9A36-4241-8AC5-A445E4804D0F}.Debug|Any CPU.ActiveCfg = Debug|Any CPU
		{D9C9BC33-9A36-4241-8AC5-A445E4804D0F}.Debug|Any CPU.Build.0 = Debug|Any CPU
		{D9C9BC33-9A36-4241-8AC5-A445E4804D0F}.Release|Any CPU.ActiveCfg = Release|Any CPU
		{D9C9BC33-9A36-4241-8AC5-A445E4804D0F}.Release|Any CPU.Build.0 = Release|Any CPU
		{5F3A2531-B69A-43A3-B588-90C8C232AB27}.Debug|Any CPU.ActiveCfg = Debug|Any CPU
		{5F3A2531-B69A-43A3-B588-90C8C232AB27}.Debug|Any CPU.Build.0 = Debug|Any CPU
		{5F3A2531-B69A-43A3-B588-90C8C232AB27}.Release|Any CPU.ActiveCfg = Release|Any CPU
		{5F3A2531-B69A-43A3-B588-90C8C232AB27}.Release|Any CPU.Build.0 = Release|Any CPU
	EndGlobalSection
	GlobalSection(SolutionProperties) = preSolution
		HideSolutionNode = FALSE
	EndGlobalSection
	GlobalSection(ExtensibilityGlobals) = postSolution
		SolutionGuid = {C33CF6DF-1B81-41E3-AA4B-FFF67869CACB}
	EndGlobalSection
EndGlobal
